// !$*UTF8*$!
{
	archiveVersion = 1;
	classes = {
	};
	objectVersion = 50;
	objects = {

/* Begin PBXBuildFile section */
		E18243B826B3FEE9006CF70B /* MenuFetchingStub.swift in Sources */ = {isa = PBXBuildFile; fileRef = E18243B726B3FEE9006CF70B /* MenuFetchingStub.swift */; };
		E18243BA26B41E00006CF70B /* TestError.swift in Sources */ = {isa = PBXBuildFile; fileRef = E18243B926B41E00006CF70B /* TestError.swift */; };
		E18243BC26B42AA8006CF70B /* MenuItemTests.swift in Sources */ = {isa = PBXBuildFile; fileRef = E18243BB26B42AA8006CF70B /* MenuItemTests.swift */; };
		E18243BE26B42E93006CF70B /* menuItem.json in Resources */ = {isa = PBXBuildFile; fileRef = E18243BD26B42E93006CF70B /* menuItem.json */; };
		E18243C026B430FB006CF70B /* XCTestCase+Json.swift in Sources */ = {isa = PBXBuildFile; fileRef = E18243BF26B430FB006CF70B /* XCTestCase+Json.swift */; };
		E18243C226B43758006CF70B /* MenuItem+JSONFixture.swift in Sources */ = {isa = PBXBuildFile; fileRef = E18243C126B43758006CF70B /* MenuItem+JSONFixture.swift */; };
		E18243C426B45CE0006CF70B /* MenuResponseTests.swift in Sources */ = {isa = PBXBuildFile; fileRef = E18243C326B45CE0006CF70B /* MenuResponseTests.swift */; };
		E18243C626B45E92006CF70B /* MenuResponse.swift in Sources */ = {isa = PBXBuildFile; fileRef = E18243C526B45E92006CF70B /* MenuResponse.swift */; };
		E18243C826B7F8B4006CF70B /* MenuFetcherTests.swift in Sources */ = {isa = PBXBuildFile; fileRef = E18243C726B7F8B4006CF70B /* MenuFetcherTests.swift */; };
		E18243CA26B7F96D006CF70B /* MenuFetcher.swift in Sources */ = {isa = PBXBuildFile; fileRef = E18243C926B7F96D006CF70B /* MenuFetcher.swift */; };
		E18243CC26B805D4006CF70B /* NetworkFetching.swift in Sources */ = {isa = PBXBuildFile; fileRef = E18243CB26B805D4006CF70B /* NetworkFetching.swift */; };
		E18243CE26B80661006CF70B /* URLSession+NetworkFetching.swift in Sources */ = {isa = PBXBuildFile; fileRef = E18243CD26B80661006CF70B /* URLSession+NetworkFetching.swift */; };
		E18243D026B80AF7006CF70B /* NetworkFetchingStub.swift in Sources */ = {isa = PBXBuildFile; fileRef = E18243CF26B80AF7006CF70B /* NetworkFetchingStub.swift */; };
		E197E03B26B17B5D0019DBBB /* MenuItem + Fixture.swift in Sources */ = {isa = PBXBuildFile; fileRef = E197E03A26B17B5D0019DBBB /* MenuItem + Fixture.swift */; };
		E197E03D26B1800D0019DBBB /* MenuSection + Fixture.swift in Sources */ = {isa = PBXBuildFile; fileRef = E197E03C26B1800D0019DBBB /* MenuSection + Fixture.swift */; };
		E197E03F26B18A480019DBBB /* MenuRow.swift in Sources */ = {isa = PBXBuildFile; fileRef = E197E03E26B18A480019DBBB /* MenuRow.swift */; };
		E197E04126B18AD20019DBBB /* MenuRowViewModelTest.swift in Sources */ = {isa = PBXBuildFile; fileRef = E197E04026B18AD20019DBBB /* MenuRowViewModelTest.swift */; };
		E197E04326B18C440019DBBB /* MenuRow.ViewModel.swift in Sources */ = {isa = PBXBuildFile; fileRef = E197E04226B18C440019DBBB /* MenuRow.ViewModel.swift */; };
		E197E04526B1E8680019DBBB /* MenuList.ViewModelTests.swift in Sources */ = {isa = PBXBuildFile; fileRef = E197E04426B1E8680019DBBB /* MenuList.ViewModelTests.swift */; };
		E197E04726B1EAAC0019DBBB /* MenuList.ViewModel.swift in Sources */ = {isa = PBXBuildFile; fileRef = E197E04626B1EAAC0019DBBB /* MenuList.ViewModel.swift */; };
		E197E04926B2D1320019DBBB /* MenuFetching.swift in Sources */ = {isa = PBXBuildFile; fileRef = E197E04826B2D1320019DBBB /* MenuFetching.swift */; };
		E197E04B26B2D30D0019DBBB /* MenuFetchingPlaceholder.swift in Sources */ = {isa = PBXBuildFile; fileRef = E197E04A26B2D30D0019DBBB /* MenuFetchingPlaceholder.swift */; };
		E1D724EC26B0283D00911415 /* takeawayApp.swift in Sources */ = {isa = PBXBuildFile; fileRef = E1D724EB26B0283D00911415 /* takeawayApp.swift */; };
		E1D724F026B0284300911415 /* Assets.xcassets in Resources */ = {isa = PBXBuildFile; fileRef = E1D724EF26B0284300911415 /* Assets.xcassets */; };
		E1D724F326B0284300911415 /* Preview Assets.xcassets in Resources */ = {isa = PBXBuildFile; fileRef = E1D724F226B0284300911415 /* Preview Assets.xcassets */; };
		E1D724FE26B0284300911415 /* menuGroupingTests.swift in Sources */ = {isa = PBXBuildFile; fileRef = E1D724FD26B0284300911415 /* menuGroupingTests.swift */; };
		E1D7250926B0284300911415 /* takeawayUITests.swift in Sources */ = {isa = PBXBuildFile; fileRef = E1D7250826B0284300911415 /* takeawayUITests.swift */; };
		E1D7251726B02D5400911415 /* MenuItem.swift in Sources */ = {isa = PBXBuildFile; fileRef = E1D7251626B02D5400911415 /* MenuItem.swift */; };
		E1D7251926B02D7000911415 /* MenuSection.swift in Sources */ = {isa = PBXBuildFile; fileRef = E1D7251826B02D7000911415 /* MenuSection.swift */; };
		E1D7251D26B053F700911415 /* MenuList.swift in Sources */ = {isa = PBXBuildFile; fileRef = E1D7251C26B053F700911415 /* MenuList.swift */; };
		E1D7251E26B0581500911415 /* Collection+Safe.swift in Sources */ = {isa = PBXBuildFile; fileRef = E1D7251A26B04A7500911415 /* Collection+Safe.swift */; };
/* End PBXBuildFile section */

/* Begin PBXContainerItemProxy section */
		E1D724FA26B0284300911415 /* PBXContainerItemProxy */ = {
			isa = PBXContainerItemProxy;
			containerPortal = E1D724E026B0283D00911415 /* Project object */;
			proxyType = 1;
			remoteGlobalIDString = E1D724E726B0283D00911415;
			remoteInfo = takeaway;
		};
		E1D7250526B0284300911415 /* PBXContainerItemProxy */ = {
			isa = PBXContainerItemProxy;
			containerPortal = E1D724E026B0283D00911415 /* Project object */;
			proxyType = 1;
			remoteGlobalIDString = E1D724E726B0283D00911415;
			remoteInfo = takeaway;
		};
/* End PBXContainerItemProxy section */

/* Begin PBXFileReference section */
		E18243B726B3FEE9006CF70B /* MenuFetchingStub.swift */ = {isa = PBXFileReference; lastKnownFileType = sourcecode.swift; path = MenuFetchingStub.swift; sourceTree = "<group>"; };
		E18243B926B41E00006CF70B /* TestError.swift */ = {isa = PBXFileReference; lastKnownFileType = sourcecode.swift; path = TestError.swift; sourceTree = "<group>"; };
		E18243BB26B42AA8006CF70B /* MenuItemTests.swift */ = {isa = PBXFileReference; lastKnownFileType = sourcecode.swift; path = MenuItemTests.swift; sourceTree = "<group>"; };
		E18243BD26B42E93006CF70B /* menuItem.json */ = {isa = PBXFileReference; lastKnownFileType = text.json; path = menuItem.json; sourceTree = "<group>"; };
		E18243BF26B430FB006CF70B /* XCTestCase+Json.swift */ = {isa = PBXFileReference; lastKnownFileType = sourcecode.swift; path = "XCTestCase+Json.swift"; sourceTree = "<group>"; };
		E18243C126B43758006CF70B /* MenuItem+JSONFixture.swift */ = {isa = PBXFileReference; lastKnownFileType = sourcecode.swift; path = "MenuItem+JSONFixture.swift"; sourceTree = "<group>"; };
		E18243C326B45CE0006CF70B /* MenuResponseTests.swift */ = {isa = PBXFileReference; lastKnownFileType = sourcecode.swift; path = MenuResponseTests.swift; sourceTree = "<group>"; };
		E18243C526B45E92006CF70B /* MenuResponse.swift */ = {isa = PBXFileReference; lastKnownFileType = sourcecode.swift; path = MenuResponse.swift; sourceTree = "<group>"; };
		E18243C726B7F8B4006CF70B /* MenuFetcherTests.swift */ = {isa = PBXFileReference; lastKnownFileType = sourcecode.swift; path = MenuFetcherTests.swift; sourceTree = "<group>"; };
		E18243C926B7F96D006CF70B /* MenuFetcher.swift */ = {isa = PBXFileReference; lastKnownFileType = sourcecode.swift; path = MenuFetcher.swift; sourceTree = "<group>"; };
		E18243CB26B805D4006CF70B /* NetworkFetching.swift */ = {isa = PBXFileReference; lastKnownFileType = sourcecode.swift; path = NetworkFetching.swift; sourceTree = "<group>"; };
		E18243CD26B80661006CF70B /* URLSession+NetworkFetching.swift */ = {isa = PBXFileReference; lastKnownFileType = sourcecode.swift; path = "URLSession+NetworkFetching.swift"; sourceTree = "<group>"; };
		E18243CF26B80AF7006CF70B /* NetworkFetchingStub.swift */ = {isa = PBXFileReference; lastKnownFileType = sourcecode.swift; path = NetworkFetchingStub.swift; sourceTree = "<group>"; };
		E197E03A26B17B5D0019DBBB /* MenuItem + Fixture.swift */ = {isa = PBXFileReference; lastKnownFileType = sourcecode.swift; path = "MenuItem + Fixture.swift"; sourceTree = "<group>"; };
		E197E03C26B1800D0019DBBB /* MenuSection + Fixture.swift */ = {isa = PBXFileReference; lastKnownFileType = sourcecode.swift; path = "MenuSection + Fixture.swift"; sourceTree = "<group>"; };
		E197E03E26B18A480019DBBB /* MenuRow.swift */ = {isa = PBXFileReference; lastKnownFileType = sourcecode.swift; path = MenuRow.swift; sourceTree = "<group>"; };
		E197E04026B18AD20019DBBB /* MenuRowViewModelTest.swift */ = {isa = PBXFileReference; lastKnownFileType = sourcecode.swift; path = MenuRowViewModelTest.swift; sourceTree = "<group>"; };
		E197E04226B18C440019DBBB /* MenuRow.ViewModel.swift */ = {isa = PBXFileReference; lastKnownFileType = sourcecode.swift; path = MenuRow.ViewModel.swift; sourceTree = "<group>"; };
		E197E04426B1E8680019DBBB /* MenuList.ViewModelTests.swift */ = {isa = PBXFileReference; lastKnownFileType = sourcecode.swift; path = MenuList.ViewModelTests.swift; sourceTree = "<group>"; };
		E197E04626B1EAAC0019DBBB /* MenuList.ViewModel.swift */ = {isa = PBXFileReference; lastKnownFileType = sourcecode.swift; path = MenuList.ViewModel.swift; sourceTree = "<group>"; };
		E197E04826B2D1320019DBBB /* MenuFetching.swift */ = {isa = PBXFileReference; lastKnownFileType = sourcecode.swift; path = MenuFetching.swift; sourceTree = "<group>"; };
		E197E04A26B2D30D0019DBBB /* MenuFetchingPlaceholder.swift */ = {isa = PBXFileReference; lastKnownFileType = sourcecode.swift; path = MenuFetchingPlaceholder.swift; sourceTree = "<group>"; };
		E1D724E826B0283D00911415 /* takeaway.app */ = {isa = PBXFileReference; explicitFileType = wrapper.application; includeInIndex = 0; path = takeaway.app; sourceTree = BUILT_PRODUCTS_DIR; };
		E1D724EB26B0283D00911415 /* takeawayApp.swift */ = {isa = PBXFileReference; lastKnownFileType = sourcecode.swift; path = takeawayApp.swift; sourceTree = "<group>"; };
		E1D724EF26B0284300911415 /* Assets.xcassets */ = {isa = PBXFileReference; lastKnownFileType = folder.assetcatalog; path = Assets.xcassets; sourceTree = "<group>"; };
		E1D724F226B0284300911415 /* Preview Assets.xcassets */ = {isa = PBXFileReference; lastKnownFileType = folder.assetcatalog; path = "Preview Assets.xcassets"; sourceTree = "<group>"; };
		E1D724F426B0284300911415 /* Info.plist */ = {isa = PBXFileReference; lastKnownFileType = text.plist.xml; path = Info.plist; sourceTree = "<group>"; };
		E1D724F926B0284300911415 /* takeawayTests.xctest */ = {isa = PBXFileReference; explicitFileType = wrapper.cfbundle; includeInIndex = 0; path = takeawayTests.xctest; sourceTree = BUILT_PRODUCTS_DIR; };
		E1D724FD26B0284300911415 /* menuGroupingTests.swift */ = {isa = PBXFileReference; lastKnownFileType = sourcecode.swift; path = menuGroupingTests.swift; sourceTree = "<group>"; };
		E1D724FF26B0284300911415 /* Info.plist */ = {isa = PBXFileReference; lastKnownFileType = text.plist.xml; path = Info.plist; sourceTree = "<group>"; };
		E1D7250426B0284300911415 /* takeawayUITests.xctest */ = {isa = PBXFileReference; explicitFileType = wrapper.cfbundle; includeInIndex = 0; path = takeawayUITests.xctest; sourceTree = BUILT_PRODUCTS_DIR; };
		E1D7250826B0284300911415 /* takeawayUITests.swift */ = {isa = PBXFileReference; lastKnownFileType = sourcecode.swift; path = takeawayUITests.swift; sourceTree = "<group>"; };
		E1D7250A26B0284300911415 /* Info.plist */ = {isa = PBXFileReference; lastKnownFileType = text.plist.xml; path = Info.plist; sourceTree = "<group>"; };
		E1D7251626B02D5400911415 /* MenuItem.swift */ = {isa = PBXFileReference; lastKnownFileType = sourcecode.swift; path = MenuItem.swift; sourceTree = "<group>"; };
		E1D7251826B02D7000911415 /* MenuSection.swift */ = {isa = PBXFileReference; lastKnownFileType = sourcecode.swift; path = MenuSection.swift; sourceTree = "<group>"; };
		E1D7251A26B04A7500911415 /* Collection+Safe.swift */ = {isa = PBXFileReference; lastKnownFileType = sourcecode.swift; path = "Collection+Safe.swift"; sourceTree = "<group>"; };
		E1D7251C26B053F700911415 /* MenuList.swift */ = {isa = PBXFileReference; lastKnownFileType = sourcecode.swift; path = MenuList.swift; sourceTree = "<group>"; };
/* End PBXFileReference section */

/* Begin PBXFrameworksBuildPhase section */
		E1D724E526B0283D00911415 /* Frameworks */ = {
			isa = PBXFrameworksBuildPhase;
			buildActionMask = 2147483647;
			files = (
			);
			runOnlyForDeploymentPostprocessing = 0;
		};
		E1D724F626B0284300911415 /* Frameworks */ = {
			isa = PBXFrameworksBuildPhase;
			buildActionMask = 2147483647;
			files = (
			);
			runOnlyForDeploymentPostprocessing = 0;
		};
		E1D7250126B0284300911415 /* Frameworks */ = {
			isa = PBXFrameworksBuildPhase;
			buildActionMask = 2147483647;
			files = (
			);
			runOnlyForDeploymentPostprocessing = 0;
		};
/* End PBXFrameworksBuildPhase section */

/* Begin PBXGroup section */
		E1D724DF26B0283D00911415 = {
			isa = PBXGroup;
			children = (
				E1D724EA26B0283D00911415 /* takeaway */,
				E1D724FC26B0284300911415 /* takeawayTests */,
				E1D7250726B0284300911415 /* takeawayUITests */,
				E1D724E926B0283D00911415 /* Products */,
			);
			sourceTree = "<group>";
		};
		E1D724E926B0283D00911415 /* Products */ = {
			isa = PBXGroup;
			children = (
				E1D724E826B0283D00911415 /* takeaway.app */,
				E1D724F926B0284300911415 /* takeawayTests.xctest */,
				E1D7250426B0284300911415 /* takeawayUITests.xctest */,
			);
			name = Products;
			sourceTree = "<group>";
		};
		E1D724EA26B0283D00911415 /* takeaway */ = {
			isa = PBXGroup;
			children = (
				E1D724EB26B0283D00911415 /* takeawayApp.swift */,
				E1D724EF26B0284300911415 /* Assets.xcassets */,
				E1D724F426B0284300911415 /* Info.plist */,
				E1D724F126B0284300911415 /* Preview Content */,
				E1D7251626B02D5400911415 /* MenuItem.swift */,
				E1D7251826B02D7000911415 /* MenuSection.swift */,
				E1D7251C26B053F700911415 /* MenuList.swift */,
				E197E03E26B18A480019DBBB /* MenuRow.swift */,
				E197E04226B18C440019DBBB /* MenuRow.ViewModel.swift */,
				E197E04626B1EAAC0019DBBB /* MenuList.ViewModel.swift */,
				E197E04826B2D1320019DBBB /* MenuFetching.swift */,
				E197E04A26B2D30D0019DBBB /* MenuFetchingPlaceholder.swift */,
				E18243C526B45E92006CF70B /* MenuResponse.swift */,
				E18243C926B7F96D006CF70B /* MenuFetcher.swift */,
				E18243CB26B805D4006CF70B /* NetworkFetching.swift */,
				E18243CD26B80661006CF70B /* URLSession+NetworkFetching.swift */,
			);
			path = takeaway;
			sourceTree = "<group>";
		};
		E1D724F126B0284300911415 /* Preview Content */ = {
			isa = PBXGroup;
			children = (
				E1D724F226B0284300911415 /* Preview Assets.xcassets */,
			);
			path = "Preview Content";
			sourceTree = "<group>";
		};
		E1D724FC26B0284300911415 /* takeawayTests */ = {
			isa = PBXGroup;
			children = (
				E1D7251A26B04A7500911415 /* Collection+Safe.swift */,
				E1D724FD26B0284300911415 /* menuGroupingTests.swift */,
				E1D724FF26B0284300911415 /* Info.plist */,
				E197E03A26B17B5D0019DBBB /* MenuItem + Fixture.swift */,
				E197E03C26B1800D0019DBBB /* MenuSection + Fixture.swift */,
				E197E04026B18AD20019DBBB /* MenuRowViewModelTest.swift */,
				E197E04426B1E8680019DBBB /* MenuList.ViewModelTests.swift */,
				E18243B726B3FEE9006CF70B /* MenuFetchingStub.swift */,
				E18243B926B41E00006CF70B /* TestError.swift */,
				E18243BB26B42AA8006CF70B /* MenuItemTests.swift */,
				E18243BD26B42E93006CF70B /* menuItem.json */,
				E18243BF26B430FB006CF70B /* XCTestCase+Json.swift */,
				E18243C126B43758006CF70B /* MenuItem+JSONFixture.swift */,
				E18243C326B45CE0006CF70B /* MenuResponseTests.swift */,
				E18243C726B7F8B4006CF70B /* MenuFetcherTests.swift */,
				E18243CF26B80AF7006CF70B /* NetworkFetchingStub.swift */,
			);
			path = takeawayTests;
			sourceTree = "<group>";
		};
		E1D7250726B0284300911415 /* takeawayUITests */ = {
			isa = PBXGroup;
			children = (
				E1D7250826B0284300911415 /* takeawayUITests.swift */,
				E1D7250A26B0284300911415 /* Info.plist */,
			);
			path = takeawayUITests;
			sourceTree = "<group>";
		};
/* End PBXGroup section */

/* Begin PBXNativeTarget section */
		E1D724E726B0283D00911415 /* takeaway */ = {
			isa = PBXNativeTarget;
			buildConfigurationList = E1D7250D26B0284300911415 /* Build configuration list for PBXNativeTarget "takeaway" */;
			buildPhases = (
				E1D724E426B0283D00911415 /* Sources */,
				E1D724E526B0283D00911415 /* Frameworks */,
				E1D724E626B0283D00911415 /* Resources */,
			);
			buildRules = (
			);
			dependencies = (
			);
			name = takeaway;
			productName = takeaway;
			productReference = E1D724E826B0283D00911415 /* takeaway.app */;
			productType = "com.apple.product-type.application";
		};
		E1D724F826B0284300911415 /* takeawayTests */ = {
			isa = PBXNativeTarget;
			buildConfigurationList = E1D7251026B0284300911415 /* Build configuration list for PBXNativeTarget "takeawayTests" */;
			buildPhases = (
				E1D724F526B0284300911415 /* Sources */,
				E1D724F626B0284300911415 /* Frameworks */,
				E1D724F726B0284300911415 /* Resources */,
			);
			buildRules = (
			);
			dependencies = (
				E1D724FB26B0284300911415 /* PBXTargetDependency */,
			);
			name = takeawayTests;
			productName = takeawayTests;
			productReference = E1D724F926B0284300911415 /* takeawayTests.xctest */;
			productType = "com.apple.product-type.bundle.unit-test";
		};
		E1D7250326B0284300911415 /* takeawayUITests */ = {
			isa = PBXNativeTarget;
			buildConfigurationList = E1D7251326B0284300911415 /* Build configuration list for PBXNativeTarget "takeawayUITests" */;
			buildPhases = (
				E1D7250026B0284300911415 /* Sources */,
				E1D7250126B0284300911415 /* Frameworks */,
				E1D7250226B0284300911415 /* Resources */,
			);
			buildRules = (
			);
			dependencies = (
				E1D7250626B0284300911415 /* PBXTargetDependency */,
			);
			name = takeawayUITests;
			productName = takeawayUITests;
			productReference = E1D7250426B0284300911415 /* takeawayUITests.xctest */;
			productType = "com.apple.product-type.bundle.ui-testing";
		};
/* End PBXNativeTarget section */

/* Begin PBXProject section */
		E1D724E026B0283D00911415 /* Project object */ = {
			isa = PBXProject;
			attributes = {
				LastSwiftUpdateCheck = 1250;
				LastUpgradeCheck = 1250;
				TargetAttributes = {
					E1D724E726B0283D00911415 = {
						CreatedOnToolsVersion = 12.5.1;
					};
					E1D724F826B0284300911415 = {
						CreatedOnToolsVersion = 12.5.1;
						TestTargetID = E1D724E726B0283D00911415;
					};
					E1D7250326B0284300911415 = {
						CreatedOnToolsVersion = 12.5.1;
						TestTargetID = E1D724E726B0283D00911415;
					};
				};
			};
			buildConfigurationList = E1D724E326B0283D00911415 /* Build configuration list for PBXProject "takeaway" */;
			compatibilityVersion = "Xcode 9.3";
			developmentRegion = en;
			hasScannedForEncodings = 0;
			knownRegions = (
				en,
				Base,
			);
			mainGroup = E1D724DF26B0283D00911415;
			productRefGroup = E1D724E926B0283D00911415 /* Products */;
			projectDirPath = "";
			projectRoot = "";
			targets = (
				E1D724E726B0283D00911415 /* takeaway */,
				E1D724F826B0284300911415 /* takeawayTests */,
				E1D7250326B0284300911415 /* takeawayUITests */,
			);
		};
/* End PBXProject section */

/* Begin PBXResourcesBuildPhase section */
		E1D724E626B0283D00911415 /* Resources */ = {
			isa = PBXResourcesBuildPhase;
			buildActionMask = 2147483647;
			files = (
				E1D724F326B0284300911415 /* Preview Assets.xcassets in Resources */,
				E1D724F026B0284300911415 /* Assets.xcassets in Resources */,
			);
			runOnlyForDeploymentPostprocessing = 0;
		};
		E1D724F726B0284300911415 /* Resources */ = {
			isa = PBXResourcesBuildPhase;
			buildActionMask = 2147483647;
			files = (
				E18243BE26B42E93006CF70B /* menuItem.json in Resources */,
			);
			runOnlyForDeploymentPostprocessing = 0;
		};
		E1D7250226B0284300911415 /* Resources */ = {
			isa = PBXResourcesBuildPhase;
			buildActionMask = 2147483647;
			files = (
			);
			runOnlyForDeploymentPostprocessing = 0;
		};
/* End PBXResourcesBuildPhase section */

/* Begin PBXSourcesBuildPhase section */
		E1D724E426B0283D00911415 /* Sources */ = {
			isa = PBXSourcesBuildPhase;
			buildActionMask = 2147483647;
			files = (
				E197E04726B1EAAC0019DBBB /* MenuList.ViewModel.swift in Sources */,
				E1D7251726B02D5400911415 /* MenuItem.swift in Sources */,
				E197E04926B2D1320019DBBB /* MenuFetching.swift in Sources */,
				E1D7251926B02D7000911415 /* MenuSection.swift in Sources */,
				E1D724EC26B0283D00911415 /* takeawayApp.swift in Sources */,
				E18243CA26B7F96D006CF70B /* MenuFetcher.swift in Sources */,
				E18243CE26B80661006CF70B /* URLSession+NetworkFetching.swift in Sources */,
				E18243C626B45E92006CF70B /* MenuResponse.swift in Sources */,
				E197E04326B18C440019DBBB /* MenuRow.ViewModel.swift in Sources */,
				E1D7251D26B053F700911415 /* MenuList.swift in Sources */,
				E197E03F26B18A480019DBBB /* MenuRow.swift in Sources */,
				E18243CC26B805D4006CF70B /* NetworkFetching.swift in Sources */,
				E197E04B26B2D30D0019DBBB /* MenuFetchingPlaceholder.swift in Sources */,
			);
			runOnlyForDeploymentPostprocessing = 0;
		};
		E1D724F526B0284300911415 /* Sources */ = {
			isa = PBXSourcesBuildPhase;
			buildActionMask = 2147483647;
			files = (
				E1D7251E26B0581500911415 /* Collection+Safe.swift in Sources */,
				E1D724FE26B0284300911415 /* menuGroupingTests.swift in Sources */,
				E197E04526B1E8680019DBBB /* MenuList.ViewModelTests.swift in Sources */,
				E197E04126B18AD20019DBBB /* MenuRowViewModelTest.swift in Sources */,
				E18243C226B43758006CF70B /* MenuItem+JSONFixture.swift in Sources */,
				E18243C426B45CE0006CF70B /* MenuResponseTests.swift in Sources */,
				E18243C026B430FB006CF70B /* XCTestCase+Json.swift in Sources */,
				E18243BA26B41E00006CF70B /* TestError.swift in Sources */,
				E197E03D26B1800D0019DBBB /* MenuSection + Fixture.swift in Sources */,
				E18243C826B7F8B4006CF70B /* MenuFetcherTests.swift in Sources */,
				E18243D026B80AF7006CF70B /* NetworkFetchingStub.swift in Sources */,
				E197E03B26B17B5D0019DBBB /* MenuItem + Fixture.swift in Sources */,
				E18243BC26B42AA8006CF70B /* MenuItemTests.swift in Sources */,
				E18243B826B3FEE9006CF70B /* MenuFetchingStub.swift in Sources */,
			);
			runOnlyForDeploymentPostprocessing = 0;
		};
		E1D7250026B0284300911415 /* Sources */ = {
			isa = PBXSourcesBuildPhase;
			buildActionMask = 2147483647;
			files = (
				E1D7250926B0284300911415 /* takeawayUITests.swift in Sources */,
			);
			runOnlyForDeploymentPostprocessing = 0;
		};
/* End PBXSourcesBuildPhase section */

/* Begin PBXTargetDependency section */
		E1D724FB26B0284300911415 /* PBXTargetDependency */ = {
			isa = PBXTargetDependency;
			target = E1D724E726B0283D00911415 /* takeaway */;
			targetProxy = E1D724FA26B0284300911415 /* PBXContainerItemProxy */;
		};
		E1D7250626B0284300911415 /* PBXTargetDependency */ = {
			isa = PBXTargetDependency;
			target = E1D724E726B0283D00911415 /* takeaway */;
			targetProxy = E1D7250526B0284300911415 /* PBXContainerItemProxy */;
		};
/* End PBXTargetDependency section */

/* Begin XCBuildConfiguration section */
		E1D7250B26B0284300911415 /* Debug */ = {
			isa = XCBuildConfiguration;
			buildSettings = {
				ALWAYS_SEARCH_USER_PATHS = NO;
				CLANG_ANALYZER_NONNULL = YES;
				CLANG_ANALYZER_NUMBER_OBJECT_CONVERSION = YES_AGGRESSIVE;
				CLANG_CXX_LANGUAGE_STANDARD = "gnu++14";
				CLANG_CXX_LIBRARY = "libc++";
				CLANG_ENABLE_MODULES = YES;
				CLANG_ENABLE_OBJC_ARC = YES;
				CLANG_ENABLE_OBJC_WEAK = YES;
				CLANG_WARN_BLOCK_CAPTURE_AUTORELEASING = YES;
				CLANG_WARN_BOOL_CONVERSION = YES;
				CLANG_WARN_COMMA = YES;
				CLANG_WARN_CONSTANT_CONVERSION = YES;
				CLANG_WARN_DEPRECATED_OBJC_IMPLEMENTATIONS = YES;
				CLANG_WARN_DIRECT_OBJC_ISA_USAGE = YES_ERROR;
				CLANG_WARN_DOCUMENTATION_COMMENTS = YES;
				CLANG_WARN_EMPTY_BODY = YES;
				CLANG_WARN_ENUM_CONVERSION = YES;
				CLANG_WARN_INFINITE_RECURSION = YES;
				CLANG_WARN_INT_CONVERSION = YES;
				CLANG_WARN_NON_LITERAL_NULL_CONVERSION = YES;
				CLANG_WARN_OBJC_IMPLICIT_RETAIN_SELF = YES;
				CLANG_WARN_OBJC_LITERAL_CONVERSION = YES;
				CLANG_WARN_OBJC_ROOT_CLASS = YES_ERROR;
				CLANG_WARN_QUOTED_INCLUDE_IN_FRAMEWORK_HEADER = YES;
				CLANG_WARN_RANGE_LOOP_ANALYSIS = YES;
				CLANG_WARN_STRICT_PROTOTYPES = YES;
				CLANG_WARN_SUSPICIOUS_MOVE = YES;
				CLANG_WARN_UNGUARDED_AVAILABILITY = YES_AGGRESSIVE;
				CLANG_WARN_UNREACHABLE_CODE = YES;
				CLANG_WARN__DUPLICATE_METHOD_MATCH = YES;
				COPY_PHASE_STRIP = NO;
				DEBUG_INFORMATION_FORMAT = dwarf;
				ENABLE_STRICT_OBJC_MSGSEND = YES;
				ENABLE_TESTABILITY = YES;
				GCC_C_LANGUAGE_STANDARD = gnu11;
				GCC_DYNAMIC_NO_PIC = NO;
				GCC_NO_COMMON_BLOCKS = YES;
				GCC_OPTIMIZATION_LEVEL = 0;
				GCC_PREPROCESSOR_DEFINITIONS = (
					"DEBUG=1",
					"$(inherited)",
				);
				GCC_WARN_64_TO_32_BIT_CONVERSION = YES;
				GCC_WARN_ABOUT_RETURN_TYPE = YES_ERROR;
				GCC_WARN_UNDECLARED_SELECTOR = YES;
				GCC_WARN_UNINITIALIZED_AUTOS = YES_AGGRESSIVE;
				GCC_WARN_UNUSED_FUNCTION = YES;
				GCC_WARN_UNUSED_VARIABLE = YES;
				IPHONEOS_DEPLOYMENT_TARGET = 14.5;
				MTL_ENABLE_DEBUG_INFO = INCLUDE_SOURCE;
				MTL_FAST_MATH = YES;
				ONLY_ACTIVE_ARCH = YES;
				SDKROOT = iphoneos;
				SWIFT_ACTIVE_COMPILATION_CONDITIONS = DEBUG;
				SWIFT_OPTIMIZATION_LEVEL = "-Onone";
			};
			name = Debug;
		};
		E1D7250C26B0284300911415 /* Release */ = {
			isa = XCBuildConfiguration;
			buildSettings = {
				ALWAYS_SEARCH_USER_PATHS = NO;
				CLANG_ANALYZER_NONNULL = YES;
				CLANG_ANALYZER_NUMBER_OBJECT_CONVERSION = YES_AGGRESSIVE;
				CLANG_CXX_LANGUAGE_STANDARD = "gnu++14";
				CLANG_CXX_LIBRARY = "libc++";
				CLANG_ENABLE_MODULES = YES;
				CLANG_ENABLE_OBJC_ARC = YES;
				CLANG_ENABLE_OBJC_WEAK = YES;
				CLANG_WARN_BLOCK_CAPTURE_AUTORELEASING = YES;
				CLANG_WARN_BOOL_CONVERSION = YES;
				CLANG_WARN_COMMA = YES;
				CLANG_WARN_CONSTANT_CONVERSION = YES;
				CLANG_WARN_DEPRECATED_OBJC_IMPLEMENTATIONS = YES;
				CLANG_WARN_DIRECT_OBJC_ISA_USAGE = YES_ERROR;
				CLANG_WARN_DOCUMENTATION_COMMENTS = YES;
				CLANG_WARN_EMPTY_BODY = YES;
				CLANG_WARN_ENUM_CONVERSION = YES;
				CLANG_WARN_INFINITE_RECURSION = YES;
				CLANG_WARN_INT_CONVERSION = YES;
				CLANG_WARN_NON_LITERAL_NULL_CONVERSION = YES;
				CLANG_WARN_OBJC_IMPLICIT_RETAIN_SELF = YES;
				CLANG_WARN_OBJC_LITERAL_CONVERSION = YES;
				CLANG_WARN_OBJC_ROOT_CLASS = YES_ERROR;
				CLANG_WARN_QUOTED_INCLUDE_IN_FRAMEWORK_HEADER = YES;
				CLANG_WARN_RANGE_LOOP_ANALYSIS = YES;
				CLANG_WARN_STRICT_PROTOTYPES = YES;
				CLANG_WARN_SUSPICIOUS_MOVE = YES;
				CLANG_WARN_UNGUARDED_AVAILABILITY = YES_AGGRESSIVE;
				CLANG_WARN_UNREACHABLE_CODE = YES;
				CLANG_WARN__DUPLICATE_METHOD_MATCH = YES;
				COPY_PHASE_STRIP = NO;
				DEBUG_INFORMATION_FORMAT = "dwarf-with-dsym";
				ENABLE_NS_ASSERTIONS = NO;
				ENABLE_STRICT_OBJC_MSGSEND = YES;
				GCC_C_LANGUAGE_STANDARD = gnu11;
				GCC_NO_COMMON_BLOCKS = YES;
				GCC_WARN_64_TO_32_BIT_CONVERSION = YES;
				GCC_WARN_ABOUT_RETURN_TYPE = YES_ERROR;
				GCC_WARN_UNDECLARED_SELECTOR = YES;
				GCC_WARN_UNINITIALIZED_AUTOS = YES_AGGRESSIVE;
				GCC_WARN_UNUSED_FUNCTION = YES;
				GCC_WARN_UNUSED_VARIABLE = YES;
				IPHONEOS_DEPLOYMENT_TARGET = 14.5;
				MTL_ENABLE_DEBUG_INFO = NO;
				MTL_FAST_MATH = YES;
				SDKROOT = iphoneos;
				SWIFT_COMPILATION_MODE = wholemodule;
				SWIFT_OPTIMIZATION_LEVEL = "-O";
				VALIDATE_PRODUCT = YES;
			};
			name = Release;
		};
		E1D7250E26B0284300911415 /* Debug */ = {
			isa = XCBuildConfiguration;
			buildSettings = {
				ASSETCATALOG_COMPILER_APPICON_NAME = AppIcon;
				ASSETCATALOG_COMPILER_GLOBAL_ACCENT_COLOR_NAME = AccentColor;
				CODE_SIGN_STYLE = Automatic;
				DEVELOPMENT_ASSET_PATHS = "\"takeaway/Preview Content\"";
				DEVELOPMENT_TEAM = T6T6SV744W;
				ENABLE_PREVIEWS = YES;
				INFOPLIST_FILE = takeaway/Info.plist;
				IPHONEOS_DEPLOYMENT_TARGET = 14.0;
				LD_RUNPATH_SEARCH_PATHS = (
					"$(inherited)",
					"@executable_path/Frameworks",
				);
				PRODUCT_BUNDLE_IDENTIFIER = jotkafomat.takeaway;
				PRODUCT_NAME = "$(TARGET_NAME)";
				SWIFT_VERSION = 5.0;
				TARGETED_DEVICE_FAMILY = "1,2";
			};
			name = Debug;
		};
		E1D7250F26B0284300911415 /* Release */ = {
			isa = XCBuildConfiguration;
			buildSettings = {
				ASSETCATALOG_COMPILER_APPICON_NAME = AppIcon;
				ASSETCATALOG_COMPILER_GLOBAL_ACCENT_COLOR_NAME = AccentColor;
				CODE_SIGN_STYLE = Automatic;
				DEVELOPMENT_ASSET_PATHS = "\"takeaway/Preview Content\"";
				DEVELOPMENT_TEAM = T6T6SV744W;
				ENABLE_PREVIEWS = YES;
				INFOPLIST_FILE = takeaway/Info.plist;
				IPHONEOS_DEPLOYMENT_TARGET = 14.0;
				LD_RUNPATH_SEARCH_PATHS = (
					"$(inherited)",
					"@executable_path/Frameworks",
				);
				PRODUCT_BUNDLE_IDENTIFIER = jotkafomat.takeaway;
				PRODUCT_NAME = "$(TARGET_NAME)";
				SWIFT_VERSION = 5.0;
				TARGETED_DEVICE_FAMILY = "1,2";
			};
			name = Release;
		};
		E1D7251126B0284300911415 /* Debug */ = {
			isa = XCBuildConfiguration;
			buildSettings = {
				ALWAYS_EMBED_SWIFT_STANDARD_LIBRARIES = YES;
				BUNDLE_LOADER = "$(TEST_HOST)";
				CODE_SIGN_STYLE = Automatic;
				DEVELOPMENT_TEAM = T6T6SV744W;
				INFOPLIST_FILE = takeawayTests/Info.plist;
				IPHONEOS_DEPLOYMENT_TARGET = 14.0;
				LD_RUNPATH_SEARCH_PATHS = (
					"$(inherited)",
					"@executable_path/Frameworks",
					"@loader_path/Frameworks",
				);
				PRODUCT_BUNDLE_IDENTIFIER = jotkafomat.takeawayTests;
				PRODUCT_NAME = "$(TARGET_NAME)";
				SWIFT_VERSION = 5.0;
				TARGETED_DEVICE_FAMILY = "1,2";
				TEST_HOST = "$(BUILT_PRODUCTS_DIR)/takeaway.app/takeaway";
			};
			name = Debug;
		};
		E1D7251226B0284300911415 /* Release */ = {
			isa = XCBuildConfiguration;
			buildSettings = {
				ALWAYS_EMBED_SWIFT_STANDARD_LIBRARIES = YES;
				BUNDLE_LOADER = "$(TEST_HOST)";
				CODE_SIGN_STYLE = Automatic;
				DEVELOPMENT_TEAM = T6T6SV744W;
				INFOPLIST_FILE = takeawayTests/Info.plist;
				IPHONEOS_DEPLOYMENT_TARGET = 14.0;
				LD_RUNPATH_SEARCH_PATHS = (
					"$(inherited)",
					"@executable_path/Frameworks",
					"@loader_path/Frameworks",
				);
				PRODUCT_BUNDLE_IDENTIFIER = jotkafomat.takeawayTests;
				PRODUCT_NAME = "$(TARGET_NAME)";
				SWIFT_VERSION = 5.0;
				TARGETED_DEVICE_FAMILY = "1,2";
				TEST_HOST = "$(BUILT_PRODUCTS_DIR)/takeaway.app/takeaway";
			};
			name = Release;
		};
		E1D7251426B0284300911415 /* Debug */ = {
			isa = XCBuildConfiguration;
			buildSettings = {
				ALWAYS_EMBED_SWIFT_STANDARD_LIBRARIES = YES;
				CODE_SIGN_STYLE = Automatic;
				DEVELOPMENT_TEAM = T6T6SV744W;
				INFOPLIST_FILE = takeawayUITests/Info.plist;
				LD_RUNPATH_SEARCH_PATHS = (
					"$(inherited)",
					"@executable_path/Frameworks",
					"@loader_path/Frameworks",
				);
				PRODUCT_BUNDLE_IDENTIFIER = jotkafomat.takeawayUITests;
				PRODUCT_NAME = "$(TARGET_NAME)";
				SWIFT_VERSION = 5.0;
				TARGETED_DEVICE_FAMILY = "1,2";
				TEST_TARGET_NAME = takeaway;
			};
			name = Debug;
		};
		E1D7251526B0284300911415 /* Release */ = {
			isa = XCBuildConfiguration;
			buildSettings = {
				ALWAYS_EMBED_SWIFT_STANDARD_LIBRARIES = YES;
				CODE_SIGN_STYLE = Automatic;
				DEVELOPMENT_TEAM = T6T6SV744W;
				INFOPLIST_FILE = takeawayUITests/Info.plist;
				LD_RUNPATH_SEARCH_PATHS = (
					"$(inherited)",
					"@executable_path/Frameworks",
					"@loader_path/Frameworks",
				);
				PRODUCT_BUNDLE_IDENTIFIER = jotkafomat.takeawayUITests;
				PRODUCT_NAME = "$(TARGET_NAME)";
				SWIFT_VERSION = 5.0;
				TARGETED_DEVICE_FAMILY = "1,2";
				TEST_TARGET_NAME = takeaway;
			};
			name = Release;
		};
/* End XCBuildConfiguration section */

/* Begin XCConfigurationList section */
		E1D724E326B0283D00911415 /* Build configuration list for PBXProject "takeaway" */ = {
			isa = XCConfigurationList;
			buildConfigurations = (
				E1D7250B26B0284300911415 /* Debug */,
				E1D7250C26B0284300911415 /* Release */,
			);
			defaultConfigurationIsVisible = 0;
			defaultConfigurationName = Release;
		};
		E1D7250D26B0284300911415 /* Build configuration list for PBXNativeTarget "takeaway" */ = {
			isa = XCConfigurationList;
			buildConfigurations = (
				E1D7250E26B0284300911415 /* Debug */,
				E1D7250F26B0284300911415 /* Release */,
			);
			defaultConfigurationIsVisible = 0;
			defaultConfigurationName = Release;
		};
		E1D7251026B0284300911415 /* Build configuration list for PBXNativeTarget "takeawayTests" */ = {
			isa = XCConfigurationList;
			buildConfigurations = (
				E1D7251126B0284300911415 /* Debug */,
				E1D7251226B0284300911415 /* Release */,
			);
			defaultConfigurationIsVisible = 0;
			defaultConfigurationName = Release;
		};
		E1D7251326B0284300911415 /* Build configuration list for PBXNativeTarget "takeawayUITests" */ = {
			isa = XCConfigurationList;
			buildConfigurations = (
				E1D7251426B0284300911415 /* Debug */,
				E1D7251526B0284300911415 /* Release */,
			);
			defaultConfigurationIsVisible = 0;
			defaultConfigurationName = Release;
		};
/* End XCConfigurationList section */
	};
	rootObject = E1D724E026B0283D00911415 /* Project object */;
}
